// !$*UTF8*$!
{
	archiveVersion = 1;
	classes = {
	};
	objectVersion = 74;
	objects = {

/* Begin PBXBuildFile section */
		C19158F52C49444C00319B63 /* Cocoa.framework in Frameworks */ = {isa = PBXBuildFile; fileRef = C19158F42C49444C00319B63 /* Cocoa.framework */; };
		C19158FF2C49444C00319B63 /* wBlock Filters.appex in Embed Foundation Extensions */ = {isa = PBXBuildFile; fileRef = C19158F22C49444C00319B63 /* wBlock Filters.appex */; settings = {ATTRIBUTES = (RemoveHeadersOnCopy, ); }; };
		C19159072C49446400319B63 /* ContentBlockerConverter in Frameworks */ = {isa = PBXBuildFile; productRef = C19159062C49446400319B63 /* ContentBlockerConverter */; };
		C191591E2C49448C00319B63 /* wBlock Scripts.appex in Embed Foundation Extensions */ = {isa = PBXBuildFile; fileRef = C191590C2C49448C00319B63 /* wBlock Scripts.appex */; settings = {ATTRIBUTES = (RemoveHeadersOnCopy, ); }; };
		C1A35C992C49453E009C8E50 /* ContentBlockerConverter in Frameworks */ = {isa = PBXBuildFile; productRef = C1A35C982C49453E009C8E50 /* ContentBlockerConverter */; };
/* End PBXBuildFile section */

/* Begin PBXContainerItemProxy section */
		C19158FD2C49444C00319B63 /* PBXContainerItemProxy */ = {
			isa = PBXContainerItemProxy;
			containerPortal = C19158D02C49440500319B63 /* Project object */;
			proxyType = 1;
			remoteGlobalIDString = C19158F12C49444C00319B63;
			remoteInfo = "wBlock Filters";
		};
		C191591C2C49448C00319B63 /* PBXContainerItemProxy */ = {
			isa = PBXContainerItemProxy;
			containerPortal = C19158D02C49440500319B63 /* Project object */;
			proxyType = 1;
			remoteGlobalIDString = C191590B2C49448C00319B63;
			remoteInfo = "wBlock Scripts";
		};
/* End PBXContainerItemProxy section */

/* Begin PBXCopyFilesBuildPhase section */
		C19159042C49444C00319B63 /* Embed Foundation Extensions */ = {
			isa = PBXCopyFilesBuildPhase;
			buildActionMask = 2147483647;
			dstPath = "";
			dstSubfolderSpec = 13;
			files = (
				C191591E2C49448C00319B63 /* wBlock Scripts.appex in Embed Foundation Extensions */,
				C19158FF2C49444C00319B63 /* wBlock Filters.appex in Embed Foundation Extensions */,
			);
			name = "Embed Foundation Extensions";
			runOnlyForDeploymentPostprocessing = 0;
		};
/* End PBXCopyFilesBuildPhase section */

/* Begin PBXFileReference section */
		C19158D82C49440500319B63 /* wBlock.app */ = {isa = PBXFileReference; explicitFileType = wrapper.application; includeInIndex = 0; path = wBlock.app; sourceTree = BUILT_PRODUCTS_DIR; };
		C19158F22C49444C00319B63 /* wBlock Filters.appex */ = {isa = PBXFileReference; explicitFileType = "wrapper.app-extension"; includeInIndex = 0; path = "wBlock Filters.appex"; sourceTree = BUILT_PRODUCTS_DIR; };
		C19158F42C49444C00319B63 /* Cocoa.framework */ = {isa = PBXFileReference; lastKnownFileType = wrapper.framework; name = Cocoa.framework; path = System/Library/Frameworks/Cocoa.framework; sourceTree = SDKROOT; };
		C191590C2C49448C00319B63 /* wBlock Scripts.appex */ = {isa = PBXFileReference; explicitFileType = "wrapper.app-extension"; includeInIndex = 0; path = "wBlock Scripts.appex"; sourceTree = BUILT_PRODUCTS_DIR; };
/* End PBXFileReference section */

/* Begin PBXFileSystemSynchronizedBuildFileExceptionSet section */
		C11F287A2CF4A27C006DFC8B /* PBXFileSystemSynchronizedBuildFileExceptionSet */ = {
			isa = PBXFileSystemSynchronizedBuildFileExceptionSet;
			membershipExceptions = (
				FileStorage.swift,
			);
			target = C19158F12C49444C00319B63 /* wBlock Filters */;
		};
		C11F287B2CF4A27C006DFC8B /* PBXFileSystemSynchronizedBuildFileExceptionSet */ = {
			isa = PBXFileSystemSynchronizedBuildFileExceptionSet;
			membershipExceptions = (
				FileStorage.swift,
			);
			target = C191590B2C49448C00319B63 /* wBlock Scripts */;
		};
		C19159002C49444C00319B63 /* PBXFileSystemSynchronizedBuildFileExceptionSet */ = {
			isa = PBXFileSystemSynchronizedBuildFileExceptionSet;
			membershipExceptions = (
				Info.plist,
			);
			target = C19158F12C49444C00319B63 /* wBlock Filters */;
		};
		C191591F2C49448C00319B63 /* PBXFileSystemSynchronizedBuildFileExceptionSet */ = {
			isa = PBXFileSystemSynchronizedBuildFileExceptionSet;
			membershipExceptions = (
				/Localized/SafariExtensionViewController.xib,
				Info.plist,
			);
			target = C191590B2C49448C00319B63 /* wBlock Scripts */;
		};
/* End PBXFileSystemSynchronizedBuildFileExceptionSet section */

/* Begin PBXFileSystemSynchronizedGroupBuildPhaseMembershipExceptionSet section */
		C19159232C49448C00319B63 /* PBXFileSystemSynchronizedGroupBuildPhaseMembershipExceptionSet */ = {
			isa = PBXFileSystemSynchronizedGroupBuildPhaseMembershipExceptionSet;
			buildPhase = C191590A2C49448C00319B63 /* Resources */;
			membershipExceptions = (
				Base.lproj/SafariExtensionViewController.xib,
			);
		};
/* End PBXFileSystemSynchronizedGroupBuildPhaseMembershipExceptionSet section */

/* Begin PBXFileSystemSynchronizedRootGroup section */
		C19158DA2C49440500319B63 /* wBlock */ = {isa = PBXFileSystemSynchronizedRootGroup; exceptions = (C11F287A2CF4A27C006DFC8B /* PBXFileSystemSynchronizedBuildFileExceptionSet */, C11F287B2CF4A27C006DFC8B /* PBXFileSystemSynchronizedBuildFileExceptionSet */, ); explicitFileTypes = {}; explicitFolders = (); path = wBlock; sourceTree = "<group>"; };
		C19158F62C49444C00319B63 /* wBlock Filters */ = {isa = PBXFileSystemSynchronizedRootGroup; exceptions = (C19159002C49444C00319B63 /* PBXFileSystemSynchronizedBuildFileExceptionSet */, ); explicitFileTypes = {}; explicitFolders = (); path = "wBlock Filters"; sourceTree = "<group>"; };
		C191590D2C49448C00319B63 /* wBlock Scripts */ = {isa = PBXFileSystemSynchronizedRootGroup; exceptions = (C191591F2C49448C00319B63 /* PBXFileSystemSynchronizedBuildFileExceptionSet */, C19159232C49448C00319B63 /* PBXFileSystemSynchronizedGroupBuildPhaseMembershipExceptionSet */, ); explicitFileTypes = {}; explicitFolders = (); path = "wBlock Scripts"; sourceTree = "<group>"; };
/* End PBXFileSystemSynchronizedRootGroup section */

/* Begin PBXFrameworksBuildPhase section */
		C19158D52C49440500319B63 /* Frameworks */ = {
			isa = PBXFrameworksBuildPhase;
			buildActionMask = 2147483647;
			files = (
				C19159072C49446400319B63 /* ContentBlockerConverter in Frameworks */,
			);
			runOnlyForDeploymentPostprocessing = 0;
		};
		C19158EF2C49444C00319B63 /* Frameworks */ = {
			isa = PBXFrameworksBuildPhase;
			buildActionMask = 2147483647;
			files = (
				C19158F52C49444C00319B63 /* Cocoa.framework in Frameworks */,
			);
			runOnlyForDeploymentPostprocessing = 0;
		};
		C19159092C49448C00319B63 /* Frameworks */ = {
			isa = PBXFrameworksBuildPhase;
			buildActionMask = 2147483647;
			files = (
				C1A35C992C49453E009C8E50 /* ContentBlockerConverter in Frameworks */,
			);
			runOnlyForDeploymentPostprocessing = 0;
		};
/* End PBXFrameworksBuildPhase section */

/* Begin PBXGroup section */
		C19158CF2C49440500319B63 = {
			isa = PBXGroup;
			children = (
				C19158DA2C49440500319B63 /* wBlock */,
				C19158F62C49444C00319B63 /* wBlock Filters */,
				C191590D2C49448C00319B63 /* wBlock Scripts */,
				C19158F32C49444C00319B63 /* Frameworks */,
				C19158D92C49440500319B63 /* Products */,
			);
			sourceTree = "<group>";
		};
		C19158D92C49440500319B63 /* Products */ = {
			isa = PBXGroup;
			children = (
				C19158D82C49440500319B63 /* wBlock.app */,
				C19158F22C49444C00319B63 /* wBlock Filters.appex */,
				C191590C2C49448C00319B63 /* wBlock Scripts.appex */,
			);
			name = Products;
			sourceTree = "<group>";
		};
		C19158F32C49444C00319B63 /* Frameworks */ = {
			isa = PBXGroup;
			children = (
				C19158F42C49444C00319B63 /* Cocoa.framework */,
			);
			name = Frameworks;
			sourceTree = "<group>";
		};
/* End PBXGroup section */

/* Begin PBXNativeTarget section */
		C19158D72C49440500319B63 /* wBlock */ = {
			isa = PBXNativeTarget;
			buildConfigurationList = C19158E92C49440600319B63 /* Build configuration list for PBXNativeTarget "wBlock" */;
			buildPhases = (
				C19158D42C49440500319B63 /* Sources */,
				C19158D52C49440500319B63 /* Frameworks */,
				C19158D62C49440500319B63 /* Resources */,
				C19159042C49444C00319B63 /* Embed Foundation Extensions */,
			);
			buildRules = (
			);
			dependencies = (
				C19158FE2C49444C00319B63 /* PBXTargetDependency */,
				C191591D2C49448C00319B63 /* PBXTargetDependency */,
			);
			fileSystemSynchronizedGroups = (
				C19158DA2C49440500319B63 /* wBlock */,
			);
			name = wBlock;
			packageProductDependencies = (
				C19159062C49446400319B63 /* ContentBlockerConverter */,
			);
			productName = wBlock;
			productReference = C19158D82C49440500319B63 /* wBlock.app */;
			productType = "com.apple.product-type.application";
		};
		C19158F12C49444C00319B63 /* wBlock Filters */ = {
			isa = PBXNativeTarget;
			buildConfigurationList = C19159012C49444C00319B63 /* Build configuration list for PBXNativeTarget "wBlock Filters" */;
			buildPhases = (
				C19158EE2C49444C00319B63 /* Sources */,
				C19158EF2C49444C00319B63 /* Frameworks */,
				C19158F02C49444C00319B63 /* Resources */,
			);
			buildRules = (
			);
			dependencies = (
			);
			fileSystemSynchronizedGroups = (
				C19158F62C49444C00319B63 /* wBlock Filters */,
			);
			name = "wBlock Filters";
			packageProductDependencies = (
			);
			productName = "wBlock Filters";
			productReference = C19158F22C49444C00319B63 /* wBlock Filters.appex */;
			productType = "com.apple.product-type.app-extension";
		};
		C191590B2C49448C00319B63 /* wBlock Scripts */ = {
			isa = PBXNativeTarget;
			buildConfigurationList = C19159202C49448C00319B63 /* Build configuration list for PBXNativeTarget "wBlock Scripts" */;
			buildPhases = (
				C19159082C49448C00319B63 /* Sources */,
				C19159092C49448C00319B63 /* Frameworks */,
				C191590A2C49448C00319B63 /* Resources */,
			);
			buildRules = (
			);
			dependencies = (
			);
			fileSystemSynchronizedGroups = (
				C191590D2C49448C00319B63 /* wBlock Scripts */,
			);
			name = "wBlock Scripts";
			packageProductDependencies = (
				C1A35C982C49453E009C8E50 /* ContentBlockerConverter */,
			);
			productName = "wBlock Scripts";
			productReference = C191590C2C49448C00319B63 /* wBlock Scripts.appex */;
			productType = "com.apple.product-type.app-extension";
		};
/* End PBXNativeTarget section */

/* Begin PBXProject section */
		C19158D02C49440500319B63 /* Project object */ = {
			isa = PBXProject;
			attributes = {
				BuildIndependentTargetsInParallel = 1;
				LastSwiftUpdateCheck = 1600;
				LastUpgradeCheck = 1620;
				TargetAttributes = {
					C19158D72C49440500319B63 = {
						CreatedOnToolsVersion = 16.0;
					};
					C19158F12C49444C00319B63 = {
						CreatedOnToolsVersion = 16.0;
					};
					C191590B2C49448C00319B63 = {
						CreatedOnToolsVersion = 16.0;
					};
				};
			};
			buildConfigurationList = C19158D32C49440500319B63 /* Build configuration list for PBXProject "wBlock" */;
			developmentRegion = en;
			hasScannedForEncodings = 0;
			knownRegions = (
				en,
				Base,
			);
			mainGroup = C19158CF2C49440500319B63;
			packageReferences = (
				C19159052C49446400319B63 /* XCRemoteSwiftPackageReference "SafariConverterLib" */,
			);
			preferredProjectObjectVersion = 56;
			productRefGroup = C19158D92C49440500319B63 /* Products */;
			projectDirPath = "";
			projectRoot = "";
			targets = (
				C19158D72C49440500319B63 /* wBlock */,
				C19158F12C49444C00319B63 /* wBlock Filters */,
				C191590B2C49448C00319B63 /* wBlock Scripts */,
			);
		};
/* End PBXProject section */

/* Begin PBXResourcesBuildPhase section */
		C19158D62C49440500319B63 /* Resources */ = {
			isa = PBXResourcesBuildPhase;
			buildActionMask = 2147483647;
			files = (
			);
			runOnlyForDeploymentPostprocessing = 0;
		};
		C19158F02C49444C00319B63 /* Resources */ = {
			isa = PBXResourcesBuildPhase;
			buildActionMask = 2147483647;
			files = (
			);
			runOnlyForDeploymentPostprocessing = 0;
		};
		C191590A2C49448C00319B63 /* Resources */ = {
			isa = PBXResourcesBuildPhase;
			buildActionMask = 2147483647;
			files = (
			);
			runOnlyForDeploymentPostprocessing = 0;
		};
/* End PBXResourcesBuildPhase section */

/* Begin PBXSourcesBuildPhase section */
		C19158D42C49440500319B63 /* Sources */ = {
			isa = PBXSourcesBuildPhase;
			buildActionMask = 2147483647;
			files = (
			);
			runOnlyForDeploymentPostprocessing = 0;
		};
		C19158EE2C49444C00319B63 /* Sources */ = {
			isa = PBXSourcesBuildPhase;
			buildActionMask = 2147483647;
			files = (
			);
			runOnlyForDeploymentPostprocessing = 0;
		};
		C19159082C49448C00319B63 /* Sources */ = {
			isa = PBXSourcesBuildPhase;
			buildActionMask = 2147483647;
			files = (
			);
			runOnlyForDeploymentPostprocessing = 0;
		};
/* End PBXSourcesBuildPhase section */

/* Begin PBXTargetDependency section */
		C19158FE2C49444C00319B63 /* PBXTargetDependency */ = {
			isa = PBXTargetDependency;
			target = C19158F12C49444C00319B63 /* wBlock Filters */;
			targetProxy = C19158FD2C49444C00319B63 /* PBXContainerItemProxy */;
		};
		C191591D2C49448C00319B63 /* PBXTargetDependency */ = {
			isa = PBXTargetDependency;
			target = C191590B2C49448C00319B63 /* wBlock Scripts */;
			targetProxy = C191591C2C49448C00319B63 /* PBXContainerItemProxy */;
		};
/* End PBXTargetDependency section */

/* Begin XCBuildConfiguration section */
		C19158E72C49440600319B63 /* Debug */ = {
			isa = XCBuildConfiguration;
			buildSettings = {
				ALWAYS_SEARCH_USER_PATHS = NO;
				ASSETCATALOG_COMPILER_GENERATE_SWIFT_ASSET_SYMBOL_EXTENSIONS = YES;
				CLANG_ANALYZER_NONNULL = YES;
				CLANG_ANALYZER_NUMBER_OBJECT_CONVERSION = YES_AGGRESSIVE;
				CLANG_CXX_LANGUAGE_STANDARD = "gnu++20";
				CLANG_ENABLE_MODULES = YES;
				CLANG_ENABLE_OBJC_ARC = YES;
				CLANG_ENABLE_OBJC_WEAK = YES;
				CLANG_WARN_BLOCK_CAPTURE_AUTORELEASING = YES;
				CLANG_WARN_BOOL_CONVERSION = YES;
				CLANG_WARN_COMMA = YES;
				CLANG_WARN_CONSTANT_CONVERSION = YES;
				CLANG_WARN_DEPRECATED_OBJC_IMPLEMENTATIONS = YES;
				CLANG_WARN_DIRECT_OBJC_ISA_USAGE = YES_ERROR;
				CLANG_WARN_DOCUMENTATION_COMMENTS = YES;
				CLANG_WARN_EMPTY_BODY = YES;
				CLANG_WARN_ENUM_CONVERSION = YES;
				CLANG_WARN_INFINITE_RECURSION = YES;
				CLANG_WARN_INT_CONVERSION = YES;
				CLANG_WARN_NON_LITERAL_NULL_CONVERSION = YES;
				CLANG_WARN_OBJC_IMPLICIT_RETAIN_SELF = YES;
				CLANG_WARN_OBJC_LITERAL_CONVERSION = YES;
				CLANG_WARN_OBJC_ROOT_CLASS = YES_ERROR;
				CLANG_WARN_QUOTED_INCLUDE_IN_FRAMEWORK_HEADER = YES;
				CLANG_WARN_RANGE_LOOP_ANALYSIS = YES;
				CLANG_WARN_STRICT_PROTOTYPES = YES;
				CLANG_WARN_SUSPICIOUS_MOVE = YES;
				CLANG_WARN_UNGUARDED_AVAILABILITY = YES_AGGRESSIVE;
				CLANG_WARN_UNREACHABLE_CODE = YES;
				CLANG_WARN__DUPLICATE_METHOD_MATCH = YES;
				COPY_PHASE_STRIP = NO;
				DEAD_CODE_STRIPPING = YES;
				DEBUG_INFORMATION_FORMAT = dwarf;
				ENABLE_STRICT_OBJC_MSGSEND = YES;
				ENABLE_TESTABILITY = YES;
				ENABLE_USER_SCRIPT_SANDBOXING = YES;
				GCC_C_LANGUAGE_STANDARD = gnu17;
				GCC_DYNAMIC_NO_PIC = NO;
				GCC_NO_COMMON_BLOCKS = YES;
				GCC_OPTIMIZATION_LEVEL = 0;
				GCC_PREPROCESSOR_DEFINITIONS = (
					"DEBUG=1",
					"$(inherited)",
				);
				GCC_WARN_64_TO_32_BIT_CONVERSION = YES;
				GCC_WARN_ABOUT_RETURN_TYPE = YES_ERROR;
				GCC_WARN_UNDECLARED_SELECTOR = YES;
				GCC_WARN_UNINITIALIZED_AUTOS = YES_AGGRESSIVE;
				GCC_WARN_UNUSED_FUNCTION = YES;
				GCC_WARN_UNUSED_VARIABLE = YES;
				LOCALIZATION_PREFERS_STRING_CATALOGS = YES;
				MACOSX_DEPLOYMENT_TARGET = 15.0;
				MTL_ENABLE_DEBUG_INFO = INCLUDE_SOURCE;
				MTL_FAST_MATH = YES;
				ONLY_ACTIVE_ARCH = YES;
				SDKROOT = macosx;
				SWIFT_ACTIVE_COMPILATION_CONDITIONS = "DEBUG $(inherited)";
				SWIFT_OPTIMIZATION_LEVEL = "-Onone";
			};
			name = Debug;
		};
		C19158E82C49440600319B63 /* Release */ = {
			isa = XCBuildConfiguration;
			buildSettings = {
				ALWAYS_SEARCH_USER_PATHS = NO;
				ASSETCATALOG_COMPILER_GENERATE_SWIFT_ASSET_SYMBOL_EXTENSIONS = YES;
				CLANG_ANALYZER_NONNULL = YES;
				CLANG_ANALYZER_NUMBER_OBJECT_CONVERSION = YES_AGGRESSIVE;
				CLANG_CXX_LANGUAGE_STANDARD = "gnu++20";
				CLANG_ENABLE_MODULES = YES;
				CLANG_ENABLE_OBJC_ARC = YES;
				CLANG_ENABLE_OBJC_WEAK = YES;
				CLANG_WARN_BLOCK_CAPTURE_AUTORELEASING = YES;
				CLANG_WARN_BOOL_CONVERSION = YES;
				CLANG_WARN_COMMA = YES;
				CLANG_WARN_CONSTANT_CONVERSION = YES;
				CLANG_WARN_DEPRECATED_OBJC_IMPLEMENTATIONS = YES;
				CLANG_WARN_DIRECT_OBJC_ISA_USAGE = YES_ERROR;
				CLANG_WARN_DOCUMENTATION_COMMENTS = YES;
				CLANG_WARN_EMPTY_BODY = YES;
				CLANG_WARN_ENUM_CONVERSION = YES;
				CLANG_WARN_INFINITE_RECURSION = YES;
				CLANG_WARN_INT_CONVERSION = YES;
				CLANG_WARN_NON_LITERAL_NULL_CONVERSION = YES;
				CLANG_WARN_OBJC_IMPLICIT_RETAIN_SELF = YES;
				CLANG_WARN_OBJC_LITERAL_CONVERSION = YES;
				CLANG_WARN_OBJC_ROOT_CLASS = YES_ERROR;
				CLANG_WARN_QUOTED_INCLUDE_IN_FRAMEWORK_HEADER = YES;
				CLANG_WARN_RANGE_LOOP_ANALYSIS = YES;
				CLANG_WARN_STRICT_PROTOTYPES = YES;
				CLANG_WARN_SUSPICIOUS_MOVE = YES;
				CLANG_WARN_UNGUARDED_AVAILABILITY = YES_AGGRESSIVE;
				CLANG_WARN_UNREACHABLE_CODE = YES;
				CLANG_WARN__DUPLICATE_METHOD_MATCH = YES;
				COPY_PHASE_STRIP = NO;
				DEAD_CODE_STRIPPING = YES;
				DEBUG_INFORMATION_FORMAT = "dwarf-with-dsym";
				ENABLE_NS_ASSERTIONS = NO;
				ENABLE_STRICT_OBJC_MSGSEND = YES;
				ENABLE_USER_SCRIPT_SANDBOXING = YES;
				GCC_C_LANGUAGE_STANDARD = gnu17;
				GCC_NO_COMMON_BLOCKS = YES;
				GCC_WARN_64_TO_32_BIT_CONVERSION = YES;
				GCC_WARN_ABOUT_RETURN_TYPE = YES_ERROR;
				GCC_WARN_UNDECLARED_SELECTOR = YES;
				GCC_WARN_UNINITIALIZED_AUTOS = YES_AGGRESSIVE;
				GCC_WARN_UNUSED_FUNCTION = YES;
				GCC_WARN_UNUSED_VARIABLE = YES;
				LOCALIZATION_PREFERS_STRING_CATALOGS = YES;
				MACOSX_DEPLOYMENT_TARGET = 15.0;
				MTL_ENABLE_DEBUG_INFO = NO;
				MTL_FAST_MATH = YES;
				SDKROOT = macosx;
				SWIFT_COMPILATION_MODE = wholemodule;
			};
			name = Release;
		};
		C19158EA2C49440600319B63 /* Debug */ = {
			isa = XCBuildConfiguration;
			buildSettings = {
				ASSETCATALOG_COMPILER_APPICON_NAME = AppIcon;
				ASSETCATALOG_COMPILER_GLOBAL_ACCENT_COLOR_NAME = AccentColor;
				CODE_SIGN_ENTITLEMENTS = wBlock/wBlock.entitlements;
				CODE_SIGN_IDENTITY = "Apple Development";
				CODE_SIGN_STYLE = Automatic;
				COMBINE_HIDPI_IMAGES = YES;
				CURRENT_PROJECT_VERSION = 1;
				DEAD_CODE_STRIPPING = YES;
				DEVELOPMENT_TEAM = 24R937G5DD;
				ENABLE_HARDENED_RUNTIME = YES;
				ENABLE_PREVIEWS = YES;
				GENERATE_INFOPLIST_FILE = YES;
				INFOPLIST_KEY_CFBundleDisplayName = "wBlock Origin";
				INFOPLIST_KEY_LSApplicationCategoryType = "public.app-category.utilities";
				INFOPLIST_KEY_NSHumanReadableCopyright = "";
				LD_RUNPATH_SEARCH_PATHS = (
					"$(inherited)",
					"@executable_path/../Frameworks",
				);
				MACOSX_DEPLOYMENT_TARGET = 14.0;
				MARKETING_VERSION = 0.1.1;
				PRODUCT_BUNDLE_IDENTIFIER = app.0xcube.wBlock;
				PRODUCT_NAME = "$(TARGET_NAME)";
				PROVISIONING_PROFILE_SPECIFIER = "";
				SWIFT_EMIT_LOC_STRINGS = YES;
				SWIFT_VERSION = 5.0;
			};
			name = Debug;
		};
		C19158EB2C49440600319B63 /* Release */ = {
			isa = XCBuildConfiguration;
			buildSettings = {
				ASSETCATALOG_COMPILER_APPICON_NAME = AppIcon;
				ASSETCATALOG_COMPILER_GLOBAL_ACCENT_COLOR_NAME = AccentColor;
				CODE_SIGN_ENTITLEMENTS = wBlock/wBlock.entitlements;
				CODE_SIGN_IDENTITY = "Apple Development";
				CODE_SIGN_STYLE = Automatic;
				COMBINE_HIDPI_IMAGES = YES;
				CURRENT_PROJECT_VERSION = 1;
				DEAD_CODE_STRIPPING = YES;
				DEVELOPMENT_TEAM = 24R937G5DD;
				ENABLE_HARDENED_RUNTIME = YES;
				ENABLE_PREVIEWS = YES;
				GENERATE_INFOPLIST_FILE = YES;
				INFOPLIST_KEY_CFBundleDisplayName = "wBlock Origin";
				INFOPLIST_KEY_LSApplicationCategoryType = "public.app-category.utilities";
				INFOPLIST_KEY_NSHumanReadableCopyright = "";
				LD_RUNPATH_SEARCH_PATHS = (
					"$(inherited)",
					"@executable_path/../Frameworks",
				);
				MACOSX_DEPLOYMENT_TARGET = 14.0;
				MARKETING_VERSION = 0.1.1;
				PRODUCT_BUNDLE_IDENTIFIER = app.0xcube.wBlock;
				PRODUCT_NAME = "$(TARGET_NAME)";
				PROVISIONING_PROFILE_SPECIFIER = "";
				SWIFT_EMIT_LOC_STRINGS = YES;
				SWIFT_VERSION = 5.0;
			};
			name = Release;
		};
		C19159022C49444C00319B63 /* Debug */ = {
			isa = XCBuildConfiguration;
			buildSettings = {
				CODE_SIGN_ENTITLEMENTS = "wBlock Filters/wBlock_Filters.entitlements";
				CODE_SIGN_STYLE = Automatic;
				CURRENT_PROJECT_VERSION = 1;
				DEAD_CODE_STRIPPING = YES;
				DEVELOPMENT_TEAM = 24R937G5DD;
				ENABLE_HARDENED_RUNTIME = YES;
				GENERATE_INFOPLIST_FILE = YES;
				INFOPLIST_FILE = "wBlock Filters/Info.plist";
				INFOPLIST_KEY_CFBundleDisplayName = "wBlock Filters";
				INFOPLIST_KEY_NSHumanReadableCopyright = "";
				LD_RUNPATH_SEARCH_PATHS = (
					"$(inherited)",
					"@executable_path/../Frameworks",
					"@executable_path/../../../../Frameworks",
				);
				MACOSX_DEPLOYMENT_TARGET = 14.0;
				MARKETING_VERSION = 0.1.1;
				PRODUCT_BUNDLE_IDENTIFIER = app.0xcube.wBlock.wBlockFilters;
				PRODUCT_NAME = "$(TARGET_NAME)";
				SKIP_INSTALL = YES;
				SWIFT_EMIT_LOC_STRINGS = YES;
				SWIFT_VERSION = 5.0;
			};
			name = Debug;
		};
		C19159032C49444C00319B63 /* Release */ = {
			isa = XCBuildConfiguration;
			buildSettings = {
				CODE_SIGN_ENTITLEMENTS = "wBlock Filters/wBlock_Filters.entitlements";
				CODE_SIGN_STYLE = Automatic;
				CURRENT_PROJECT_VERSION = 1;
				DEAD_CODE_STRIPPING = YES;
				DEVELOPMENT_TEAM = 24R937G5DD;
				ENABLE_HARDENED_RUNTIME = YES;
				GENERATE_INFOPLIST_FILE = YES;
				INFOPLIST_FILE = "wBlock Filters/Info.plist";
				INFOPLIST_KEY_CFBundleDisplayName = "wBlock Filters";
				INFOPLIST_KEY_NSHumanReadableCopyright = "";
				LD_RUNPATH_SEARCH_PATHS = (
					"$(inherited)",
					"@executable_path/../Frameworks",
					"@executable_path/../../../../Frameworks",
				);
				MACOSX_DEPLOYMENT_TARGET = 14.0;
				MARKETING_VERSION = 0.1.1;
				PRODUCT_BUNDLE_IDENTIFIER = app.0xcube.wBlock.wBlockFilters;
				PRODUCT_NAME = "$(TARGET_NAME)";
				SKIP_INSTALL = YES;
				SWIFT_EMIT_LOC_STRINGS = YES;
				SWIFT_VERSION = 5.0;
			};
			name = Release;
		};
		C19159212C49448C00319B63 /* Debug */ = {
			isa = XCBuildConfiguration;
			buildSettings = {
				CODE_SIGN_ENTITLEMENTS = "wBlock Scripts/wBlock_Scripts.entitlements";
				CODE_SIGN_IDENTITY = "Apple Development";
				CODE_SIGN_STYLE = Automatic;
				CURRENT_PROJECT_VERSION = 1;
				DEAD_CODE_STRIPPING = YES;
				DEVELOPMENT_TEAM = 24R937G5DD;
				ENABLE_HARDENED_RUNTIME = YES;
				GENERATE_INFOPLIST_FILE = YES;
				INFOPLIST_FILE = "wBlock Scripts/Info.plist";
				INFOPLIST_KEY_CFBundleDisplayName = "wBlock Scripts";
				INFOPLIST_KEY_NSHumanReadableCopyright = "";
				LD_RUNPATH_SEARCH_PATHS = (
					"$(inherited)",
					"@executable_path/../Frameworks",
					"@executable_path/../../../../Frameworks",
				);
				MACOSX_DEPLOYMENT_TARGET = 14.0;
				MARKETING_VERSION = 0.1.1;
				OTHER_LDFLAGS = (
					"-framework",
					SafariServices,
				);
				PRODUCT_BUNDLE_IDENTIFIER = app.0xcube.wBlock.wBlockScripts;
				PRODUCT_NAME = "$(TARGET_NAME)";
				PROVISIONING_PROFILE_SPECIFIER = "";
				SKIP_INSTALL = YES;
				SWIFT_EMIT_LOC_STRINGS = YES;
				SWIFT_VERSION = 5.0;
			};
			name = Debug;
		};
		C19159222C49448C00319B63 /* Release */ = {
			isa = XCBuildConfiguration;
			buildSettings = {
				CODE_SIGN_ENTITLEMENTS = "wBlock Scripts/wBlock_Scripts.entitlements";
				CODE_SIGN_IDENTITY = "Apple Development";
				CODE_SIGN_STYLE = Automatic;
				CURRENT_PROJECT_VERSION = 1;
				DEAD_CODE_STRIPPING = YES;
				DEVELOPMENT_TEAM = 24R937G5DD;
				ENABLE_HARDENED_RUNTIME = YES;
				GENERATE_INFOPLIST_FILE = YES;
				INFOPLIST_FILE = "wBlock Scripts/Info.plist";
				INFOPLIST_KEY_CFBundleDisplayName = "wBlock Scripts";
				INFOPLIST_KEY_NSHumanReadableCopyright = "";
				LD_RUNPATH_SEARCH_PATHS = (
					"$(inherited)",
					"@executable_path/../Frameworks",
					"@executable_path/../../../../Frameworks",
				);
				MACOSX_DEPLOYMENT_TARGET = 14.0;
				MARKETING_VERSION = 0.1.1;
				OTHER_LDFLAGS = (
					"-framework",
					SafariServices,
				);
				PRODUCT_BUNDLE_IDENTIFIER = app.0xcube.wBlock.wBlockScripts;
				PRODUCT_NAME = "$(TARGET_NAME)";
				PROVISIONING_PROFILE_SPECIFIER = "";
				SKIP_INSTALL = YES;
				SWIFT_EMIT_LOC_STRINGS = YES;
				SWIFT_VERSION = 5.0;
			};
			name = Release;
		};
/* End XCBuildConfiguration section */

/* Begin XCConfigurationList section */
		C19158D32C49440500319B63 /* Build configuration list for PBXProject "wBlock" */ = {
			isa = XCConfigurationList;
			buildConfigurations = (
				C19158E72C49440600319B63 /* Debug */,
				C19158E82C49440600319B63 /* Release */,
			);
			defaultConfigurationIsVisible = 0;
			defaultConfigurationName = Release;
		};
		C19158E92C49440600319B63 /* Build configuration list for PBXNativeTarget "wBlock" */ = {
			isa = XCConfigurationList;
			buildConfigurations = (
				C19158EA2C49440600319B63 /* Debug */,
				C19158EB2C49440600319B63 /* Release */,
			);
			defaultConfigurationIsVisible = 0;
			defaultConfigurationName = Release;
		};
		C19159012C49444C00319B63 /* Build configuration list for PBXNativeTarget "wBlock Filters" */ = {
			isa = XCConfigurationList;
			buildConfigurations = (
				C19159022C49444C00319B63 /* Debug */,
				C19159032C49444C00319B63 /* Release */,
			);
			defaultConfigurationIsVisible = 0;
			defaultConfigurationName = Release;
		};
		C19159202C49448C00319B63 /* Build configuration list for PBXNativeTarget "wBlock Scripts" */ = {
			isa = XCConfigurationList;
			buildConfigurations = (
				C19159212C49448C00319B63 /* Debug */,
				C19159222C49448C00319B63 /* Release */,
			);
			defaultConfigurationIsVisible = 0;
			defaultConfigurationName = Release;
		};
/* End XCConfigurationList section */

/* Begin XCRemoteSwiftPackageReference section */
		C19159052C49446400319B63 /* XCRemoteSwiftPackageReference "SafariConverterLib" */ = {
			isa = XCRemoteSwiftPackageReference;
			repositoryURL = "https://github.com/AdguardTeam/SafariConverterLib";
			requirement = {
				branch = master;
				kind = branch;
			};
		};
/* End XCRemoteSwiftPackageReference section */

/* Begin XCSwiftPackageProductDependency section */
		C19159062C49446400319B63 /* ContentBlockerConverter */ = {
			isa = XCSwiftPackageProductDependency;
			package = C19159052C49446400319B63 /* XCRemoteSwiftPackageReference "SafariConverterLib" */;
			productName = ContentBlockerConverter;
		};
		C1A35C982C49453E009C8E50 /* ContentBlockerConverter */ = {
			isa = XCSwiftPackageProductDependency;
			package = C19159052C49446400319B63 /* XCRemoteSwiftPackageReference "SafariConverterLib" */;
			productName = ContentBlockerConverter;
		};
/* End XCSwiftPackageProductDependency section */
	};
	rootObject = C19158D02C49440500319B63 /* Project object */;
}
