{
  "originHash" : "1052bc4cd6ac9226ee6c91b3fe668c4e7626031aca8db91d546a8ef41af2eed5",
  "pins" : [
    {
      "identity" : "punycodeswift",
      "kind" : "remoteSourceControl",
      "location" : "https://github.com/gumob/PunycodeSwift.git",
      "state" : {
        "revision" : "4356ec54e073741449640d3d50a1fd24fd1e1b8b",
        "version" : "2.1.0"
      }
    },
    {
      "identity" : "safariconverterlib",
      "kind" : "remoteSourceControl",
      "location" : "https://github.com/AdguardTeam/SafariConverterLib",
      "state" : {
        "branch" : "master",
        "revision" : "a2baf3b357ce2a5f704fd5d53666cd652baaf926"
      }
    },
    {
      "identity" : "swift-argument-parser",
      "kind" : "remoteSourceControl",
      "location" : "https://github.com/apple/swift-argument-parser",
      "state" : {
        "revision" : "0fbc8848e389af3bb55c182bc19ca9d5dc2f255b",
        "version" : "1.4.0"
      }
    }
  ],
  "version" : 3
}
